
Microsoft Visual Studio Solution File, Format Version 12.00
# Visual Studio Version 16
VisualStudioVersion = 16.0.29215.179
MinimumVisualStudioVersion = 10.0.40219.1
Project("{9A19103F-16F7-4668-BE54-9A1E7A4F7556}") = "PowerfulMagic", "PowerfulMagic\PowerfulMagic.csproj", "{ADCC34BB-42B2-4D34-BAE4-B9D6BD1EE5CE}"
EndProject
Global
	GlobalSection(SolutionConfigurationPlatforms) = preSolution
		Debug|Any CPU = Debug|Any CPU
		Release|Any CPU = Release|Any CPU
	EndGlobalSection
	GlobalSection(ProjectConfigurationPlatforms) = postSolution
		{ADCC34BB-42B2-4D34-BAE4-B9D6BD1EE5CE}.Debug|Any CPU.ActiveCfg = Debug|Any CPU
		{ADCC34BB-42B2-4D34-BAE4-B9D6BD1EE5CE}.Debug|Any CPU.Build.0 = Debug|Any CPU
		{ADCC34BB-42B2-4D34-BAE4-B9D6BD1EE5CE}.Release|Any CPU.ActiveCfg = Release|Any CPU
		{ADCC34BB-42B2-4D34-BAE4-B9D6BD1EE5CE}.Release|Any CPU.Build.0 = Release|Any CPU
	EndGlobalSection
	GlobalSection(SolutionProperties) = preSolution
		HideSolutionNode = FALSE
	EndGlobalSection
	GlobalSection(ExtensibilityGlobals) = postSolution
		SolutionGuid = {2035A59E-007D-41ED-892A-7EB048816A39}
	EndGlobalSection
EndGlobal
